# THIS IS AN AUTOGENERATED FILE. DO NOT EDIT THIS FILE DIRECTLY.
# yarn lockfile v1


"@currents/playwright@^1.0.0":
  version "1.0.0"
  resolved "https://registry.yarnpkg.com/@currents/playwright/-/playwright-1.0.0.tgz#12d77fd89bac32602bda6add2ae09a20505f42b4"

"@playwright/test@^1.38.1":
  version "1.38.1"
  resolved "https://registry.npmjs.org/@playwright/test/-/test-1.38.1.tgz"
  dependencies:
    playwright "1.38.1"

"@types/node@^20.8.2":
  version "20.8.2"
  resolved "https://registry.npmjs.org/@types/node/-/node-20.8.2.tgz"

fsevents@2.3.2:
  version "2.3.2"
  resolved "https://registry.npmjs.org/fsevents/-/fsevents-2.3.2.tgz"

playwright-core@1.38.1:
  version "1.38.1"
  resolved "https://registry.npmjs.org/playwright-core/-/playwright-core-1.38.1.tgz"

playwright@1.38.1, playwright@^1.38.1:
  version "1.38.1"
  resolved "https://registry.npmjs.org/playwright/-/playwright-1.38.1.tgz"
  dependencies:
    playwright-core "1.38.1"
  optionalDependencies:
    fsevents "2.3.2"

typescript@^5.0.2:
  version "5.2.2"
  resolved "https://registry.npmjs.org/typescript/-/typescript-5.2.2.tgz"
